
Microsoft Visual Studio Solution File, Format Version 12.00
# Visual Studio 2012
Project("{8BC9CEB8-8B4A-11D0-8D11-00A0C91BC942}") = "Stack", "Stack\Stack.vcxproj", "{7524CB71-58C3-4D01-875A-8B90A86AD432}"
EndProject
Global
	GlobalSection(SolutionConfigurationPlatforms) = preSolution
		Debug|Win32 = Debug|Win32
		Release|Win32 = Release|Win32
	EndGlobalSection
	GlobalSection(ProjectConfigurationPlatforms) = postSolution
		{7524CB71-58C3-4D01-875A-8B90A86AD432}.Debug|Win32.ActiveCfg = Debug|Win32
		{7524CB71-58C3-4D01-875A-8B90A86AD432}.Debug|Win32.Build.0 = Debug|Win32
		{7524CB71-58C3-4D01-875A-8B90A86AD432}.Release|Win32.ActiveCfg = Release|Win32
		{7524CB71-58C3-4D01-875A-8B90A86AD432}.Release|Win32.Build.0 = Release|Win32
	EndGlobalSection
	GlobalSection(SolutionProperties) = preSolution
		HideSolutionNode = FALSE
	EndGlobalSection
EndGlobal
